// !$*UTF8*$!
{
	archiveVersion = 1;
	classes = {
	};
	objectVersion = 56;
	objects = {

/* Begin PBXBuildFile section */
		2B295C7C2A0E2CBF00DFA601 /* AppDelegate.swift in Sources */ = {isa = PBXBuildFile; fileRef = 2B295C7B2A0E2CBF00DFA601 /* AppDelegate.swift */; };
		2B295C7E2A0E2CBF00DFA601 /* SceneDelegate.swift in Sources */ = {isa = PBXBuildFile; fileRef = 2B295C7D2A0E2CBF00DFA601 /* SceneDelegate.swift */; };
		2B295C802A0E2CBF00DFA601 /* ViewController.swift in Sources */ = {isa = PBXBuildFile; fileRef = 2B295C7F2A0E2CBF00DFA601 /* ViewController.swift */; };
		2B295C832A0E2CBF00DFA601 /* Main.storyboard in Resources */ = {isa = PBXBuildFile; fileRef = 2B295C812A0E2CBF00DFA601 /* Main.storyboard */; };
		2B295C852A0E2CC100DFA601 /* Assets.xcassets in Resources */ = {isa = PBXBuildFile; fileRef = 2B295C842A0E2CC100DFA601 /* Assets.xcassets */; };
		2B295C882A0E2CC100DFA601 /* LaunchScreen.storyboard in Resources */ = {isa = PBXBuildFile; fileRef = 2B295C862A0E2CC100DFA601 /* LaunchScreen.storyboard */; };
		2B295C932A0E2CE800DFA601 /* word_blank.png in Resources */ = {isa = PBXBuildFile; fileRef = 2B295C902A0E2CE800DFA601 /* word_blank.png */; };
		2B295C942A0E2CE800DFA601 /* fin.png in Resources */ = {isa = PBXBuildFile; fileRef = 2B295C912A0E2CE800DFA601 /* fin.png */; };
		2B295C952A0E2CE800DFA601 /* title_logo.png in Resources */ = {isa = PBXBuildFile; fileRef = 2B295C922A0E2CE800DFA601 /* title_logo.png */; };
		2BDFE4592A0E318E00C7D689 /* QuestionViewController.swift in Sources */ = {isa = PBXBuildFile; fileRef = 2BDFE4582A0E318E00C7D689 /* QuestionViewController.swift */; };
		2BDFE45B2A0E31DD00C7D689 /* FinishViewController.swift in Sources */ = {isa = PBXBuildFile; fileRef = 2BDFE45A2A0E31DD00C7D689 /* FinishViewController.swift */; };
		2BDFE45F2A0E327300C7D689 /* ListTableViewController.swift in Sources */ = {isa = PBXBuildFile; fileRef = 2BDFE45E2A0E327300C7D689 /* ListTableViewController.swift */; };
		2BDFE4612A0E329900C7D689 /* AddViewController.swift in Sources */ = {isa = PBXBuildFile; fileRef = 2BDFE4602A0E329900C7D689 /* AddViewController.swift */; };
		2BDFE4642A0E38FA00C7D689 /* ListTableViewCell.swift in Sources */ = {isa = PBXBuildFile; fileRef = 2BDFE4622A0E38FA00C7D689 /* ListTableViewCell.swift */; };
		2BDFE4652A0E38FA00C7D689 /* ListTableViewCell.xib in Resources */ = {isa = PBXBuildFile; fileRef = 2BDFE4632A0E38FA00C7D689 /* ListTableViewCell.xib */; };
/* End PBXBuildFile section */

/* Begin PBXFileReference section */
		2B295C782A0E2CBF00DFA601 /* WordList.app */ = {isa = PBXFileReference; explicitFileType = wrapper.application; includeInIndex = 0; path = WordList.app; sourceTree = BUILT_PRODUCTS_DIR; };
		2B295C7B2A0E2CBF00DFA601 /* AppDelegate.swift */ = {isa = PBXFileReference; lastKnownFileType = sourcecode.swift; path = AppDelegate.swift; sourceTree = "<group>"; };
		2B295C7D2A0E2CBF00DFA601 /* SceneDelegate.swift */ = {isa = PBXFileReference; lastKnownFileType = sourcecode.swift; path = SceneDelegate.swift; sourceTree = "<group>"; };
		2B295C7F2A0E2CBF00DFA601 /* ViewController.swift */ = {isa = PBXFileReference; lastKnownFileType = sourcecode.swift; path = ViewController.swift; sourceTree = "<group>"; };
		2B295C822A0E2CBF00DFA601 /* Base */ = {isa = PBXFileReference; lastKnownFileType = file.storyboard; name = Base; path = Base.lproj/Main.storyboard; sourceTree = "<group>"; };
		2B295C842A0E2CC100DFA601 /* Assets.xcassets */ = {isa = PBXFileReference; lastKnownFileType = folder.assetcatalog; path = Assets.xcassets; sourceTree = "<group>"; };
		2B295C872A0E2CC100DFA601 /* Base */ = {isa = PBXFileReference; lastKnownFileType = file.storyboard; name = Base; path = Base.lproj/LaunchScreen.storyboard; sourceTree = "<group>"; };
		2B295C892A0E2CC100DFA601 /* Info.plist */ = {isa = PBXFileReference; lastKnownFileType = text.plist.xml; path = Info.plist; sourceTree = "<group>"; };
		2B295C902A0E2CE800DFA601 /* word_blank.png */ = {isa = PBXFileReference; lastKnownFileType = image.png; path = word_blank.png; sourceTree = "<group>"; };
		2B295C912A0E2CE800DFA601 /* fin.png */ = {isa = PBXFileReference; lastKnownFileType = image.png; path = fin.png; sourceTree = "<group>"; };
		2B295C922A0E2CE800DFA601 /* title_logo.png */ = {isa = PBXFileReference; lastKnownFileType = image.png; path = title_logo.png; sourceTree = "<group>"; };
		2BDFE4582A0E318E00C7D689 /* QuestionViewController.swift */ = {isa = PBXFileReference; lastKnownFileType = sourcecode.swift; path = QuestionViewController.swift; sourceTree = "<group>"; };
		2BDFE45A2A0E31DD00C7D689 /* FinishViewController.swift */ = {isa = PBXFileReference; lastKnownFileType = sourcecode.swift; path = FinishViewController.swift; sourceTree = "<group>"; };
		2BDFE45E2A0E327300C7D689 /* ListTableViewController.swift */ = {isa = PBXFileReference; lastKnownFileType = sourcecode.swift; path = ListTableViewController.swift; sourceTree = "<group>"; };
		2BDFE4602A0E329900C7D689 /* AddViewController.swift */ = {isa = PBXFileReference; lastKnownFileType = sourcecode.swift; path = AddViewController.swift; sourceTree = "<group>"; };
		2BDFE4622A0E38FA00C7D689 /* ListTableViewCell.swift */ = {isa = PBXFileReference; lastKnownFileType = sourcecode.swift; path = ListTableViewCell.swift; sourceTree = "<group>"; };
		2BDFE4632A0E38FA00C7D689 /* ListTableViewCell.xib */ = {isa = PBXFileReference; lastKnownFileType = file.xib; path = ListTableViewCell.xib; sourceTree = "<group>"; };
/* End PBXFileReference section */

/* Begin PBXFrameworksBuildPhase section */
		2B295C752A0E2CBF00DFA601 /* Frameworks */ = {
			isa = PBXFrameworksBuildPhase;
			buildActionMask = 2147483647;
			files = (
			);
			runOnlyForDeploymentPostprocessing = 0;
		};
/* End PBXFrameworksBuildPhase section */

/* Begin PBXGroup section */
		2B295C6F2A0E2CBF00DFA601 = {
			isa = PBXGroup;
			children = (
				2B295C7A2A0E2CBF00DFA601 /* WordList */,
				2B295C792A0E2CBF00DFA601 /* Products */,
			);
			sourceTree = "<group>";
		};
		2B295C792A0E2CBF00DFA601 /* Products */ = {
			isa = PBXGroup;
			children = (
				2B295C782A0E2CBF00DFA601 /* WordList.app */,
			);
			name = Products;
			sourceTree = "<group>";
		};
		2B295C7A2A0E2CBF00DFA601 /* WordList */ = {
			isa = PBXGroup;
			children = (
				2B295C7B2A0E2CBF00DFA601 /* AppDelegate.swift */,
				2B295C7D2A0E2CBF00DFA601 /* SceneDelegate.swift */,
				2B295C7F2A0E2CBF00DFA601 /* ViewController.swift */,
				2B295C812A0E2CBF00DFA601 /* Main.storyboard */,
				2B295C842A0E2CC100DFA601 /* Assets.xcassets */,
				2B295C862A0E2CC100DFA601 /* LaunchScreen.storyboard */,
				2B295C892A0E2CC100DFA601 /* Info.plist */,
				2B295C8F2A0E2CE800DFA601 /* WordList素材 */,
				2BDFE4582A0E318E00C7D689 /* QuestionViewController.swift */,
				2BDFE45A2A0E31DD00C7D689 /* FinishViewController.swift */,
				2BDFE45E2A0E327300C7D689 /* ListTableViewController.swift */,
				2BDFE4602A0E329900C7D689 /* AddViewController.swift */,
				2BDFE4622A0E38FA00C7D689 /* ListTableViewCell.swift */,
				2BDFE4632A0E38FA00C7D689 /* ListTableViewCell.xib */,
			);
			path = WordList;
			sourceTree = "<group>";
		};
		2B295C8F2A0E2CE800DFA601 /* WordList素材 */ = {
			isa = PBXGroup;
			children = (
				2B295C902A0E2CE800DFA601 /* word_blank.png */,
				2B295C912A0E2CE800DFA601 /* fin.png */,
				2B295C922A0E2CE800DFA601 /* title_logo.png */,
			);
			path = "WordList素材";
			sourceTree = "<group>";
		};
/* End PBXGroup section */

/* Begin PBXNativeTarget section */
		2B295C772A0E2CBF00DFA601 /* WordList */ = {
			isa = PBXNativeTarget;
			buildConfigurationList = 2B295C8C2A0E2CC100DFA601 /* Build configuration list for PBXNativeTarget "WordList" */;
			buildPhases = (
				2B295C742A0E2CBF00DFA601 /* Sources */,
				2B295C752A0E2CBF00DFA601 /* Frameworks */,
				2B295C762A0E2CBF00DFA601 /* Resources */,
			);
			buildRules = (
			);
			dependencies = (
			);
			name = WordList;
			productName = WordList;
			productReference = 2B295C782A0E2CBF00DFA601 /* WordList.app */;
			productType = "com.apple.product-type.application";
		};
/* End PBXNativeTarget section */

/* Begin PBXProject section */
		2B295C702A0E2CBF00DFA601 /* Project object */ = {
			isa = PBXProject;
			attributes = {
				BuildIndependentTargetsInParallel = 1;
				LastSwiftUpdateCheck = 1430;
				LastUpgradeCheck = 1430;
				TargetAttributes = {
					2B295C772A0E2CBF00DFA601 = {
						CreatedOnToolsVersion = 14.3;
					};
				};
			};
			buildConfigurationList = 2B295C732A0E2CBF00DFA601 /* Build configuration list for PBXProject "WordList" */;
			compatibilityVersion = "Xcode 14.0";
			developmentRegion = en;
			hasScannedForEncodings = 0;
			knownRegions = (
				en,
				Base,
			);
			mainGroup = 2B295C6F2A0E2CBF00DFA601;
			productRefGroup = 2B295C792A0E2CBF00DFA601 /* Products */;
			projectDirPath = "";
			projectRoot = "";
			targets = (
				2B295C772A0E2CBF00DFA601 /* WordList */,
			);
		};
/* End PBXProject section */

/* Begin PBXResourcesBuildPhase section */
		2B295C762A0E2CBF00DFA601 /* Resources */ = {
			isa = PBXResourcesBuildPhase;
			buildActionMask = 2147483647;
			files = (
				2B295C932A0E2CE800DFA601 /* word_blank.png in Resources */,
				2B295C952A0E2CE800DFA601 /* title_logo.png in Resources */,
				2B295C882A0E2CC100DFA601 /* LaunchScreen.storyboard in Resources */,
				2B295C852A0E2CC100DFA601 /* Assets.xcassets in Resources */,
				2B295C942A0E2CE800DFA601 /* fin.png in Resources */,
				2B295C832A0E2CBF00DFA601 /* Main.storyboard in Resources */,
				2BDFE4652A0E38FA00C7D689 /* ListTableViewCell.xib in Resources */,
			);
			runOnlyForDeploymentPostprocessing = 0;
		};
/* End PBXResourcesBuildPhase section */

/* Begin PBXSourcesBuildPhase section */
		2B295C742A0E2CBF00DFA601 /* Sources */ = {
			isa = PBXSourcesBuildPhase;
			buildActionMask = 2147483647;
			files = (
				2BDFE45B2A0E31DD00C7D689 /* FinishViewController.swift in Sources */,
				2BDFE4642A0E38FA00C7D689 /* ListTableViewCell.swift in Sources */,
				2B295C802A0E2CBF00DFA601 /* ViewController.swift in Sources */,
				2BDFE4612A0E329900C7D689 /* AddViewController.swift in Sources */,
				2B295C7C2A0E2CBF00DFA601 /* AppDelegate.swift in Sources */,
				2BDFE45F2A0E327300C7D689 /* ListTableViewController.swift in Sources */,
				2BDFE4592A0E318E00C7D689 /* QuestionViewController.swift in Sources */,
				2B295C7E2A0E2CBF00DFA601 /* SceneDelegate.swift in Sources */,
			);
			runOnlyForDeploymentPostprocessing = 0;
		};
/* End PBXSourcesBuildPhase section */

/* Begin PBXVariantGroup section */
		2B295C812A0E2CBF00DFA601 /* Main.storyboard */ = {
			isa = PBXVariantGroup;
			children = (
				2B295C822A0E2CBF00DFA601 /* Base */,
			);
			name = Main.storyboard;
			sourceTree = "<group>";
		};
		2B295C862A0E2CC100DFA601 /* LaunchScreen.storyboard */ = {
			isa = PBXVariantGroup;
			children = (
				2B295C872A0E2CC100DFA601 /* Base */,
			);
			name = LaunchScreen.storyboard;
			sourceTree = "<group>";
		};
/* End PBXVariantGroup section */

/* Begin XCBuildConfiguration section */
		2B295C8A2A0E2CC100DFA601 /* Debug */ = {
			isa = XCBuildConfiguration;
			buildSettings = {
				ALWAYS_SEARCH_USER_PATHS = NO;
				CLANG_ANALYZER_NONNULL = YES;
				CLANG_ANALYZER_NUMBER_OBJECT_CONVERSION = YES_AGGRESSIVE;
				CLANG_CXX_LANGUAGE_STANDARD = "gnu++20";
				CLANG_ENABLE_MODULES = YES;
				CLANG_ENABLE_OBJC_ARC = YES;
				CLANG_ENABLE_OBJC_WEAK = YES;
				CLANG_WARN_BLOCK_CAPTURE_AUTORELEASING = YES;
				CLANG_WARN_BOOL_CONVERSION = YES;
				CLANG_WARN_COMMA = YES;
				CLANG_WARN_CONSTANT_CONVERSION = YES;
				CLANG_WARN_DEPRECATED_OBJC_IMPLEMENTATIONS = YES;
				CLANG_WARN_DIRECT_OBJC_ISA_USAGE = YES_ERROR;
				CLANG_WARN_DOCUMENTATION_COMMENTS = YES;
				CLANG_WARN_EMPTY_BODY = YES;
				CLANG_WARN_ENUM_CONVERSION = YES;
				CLANG_WARN_INFINITE_RECURSION = YES;
				CLANG_WARN_INT_CONVERSION = YES;
				CLANG_WARN_NON_LITERAL_NULL_CONVERSION = YES;
				CLANG_WARN_OBJC_IMPLICIT_RETAIN_SELF = YES;
				CLANG_WARN_OBJC_LITERAL_CONVERSION = YES;
				CLANG_WARN_OBJC_ROOT_CLASS = YES_ERROR;
				CLANG_WARN_QUOTED_INCLUDE_IN_FRAMEWORK_HEADER = YES;
				CLANG_WARN_RANGE_LOOP_ANALYSIS = YES;
				CLANG_WARN_STRICT_PROTOTYPES = YES;
				CLANG_WARN_SUSPICIOUS_MOVE = YES;
				CLANG_WARN_UNGUARDED_AVAILABILITY = YES_AGGRESSIVE;
				CLANG_WARN_UNREACHABLE_CODE = YES;
				CLANG_WARN__DUPLICATE_METHOD_MATCH = YES;
				COPY_PHASE_STRIP = NO;
				DEBUG_INFORMATION_FORMAT = dwarf;
				ENABLE_STRICT_OBJC_MSGSEND = YES;
				ENABLE_TESTABILITY = YES;
				GCC_C_LANGUAGE_STANDARD = gnu11;
				GCC_DYNAMIC_NO_PIC = NO;
				GCC_NO_COMMON_BLOCKS = YES;
				GCC_OPTIMIZATION_LEVEL = 0;
				GCC_PREPROCESSOR_DEFINITIONS = (
					"DEBUG=1",
					"$(inherited)",
				);
				GCC_WARN_64_TO_32_BIT_CONVERSION = YES;
				GCC_WARN_ABOUT_RETURN_TYPE = YES_ERROR;
				GCC_WARN_UNDECLARED_SELECTOR = YES;
				GCC_WARN_UNINITIALIZED_AUTOS = YES_AGGRESSIVE;
				GCC_WARN_UNUSED_FUNCTION = YES;
				GCC_WARN_UNUSED_VARIABLE = YES;
				IPHONEOS_DEPLOYMENT_TARGET = 16.4;
				MTL_ENABLE_DEBUG_INFO = INCLUDE_SOURCE;
				MTL_FAST_MATH = YES;
				ONLY_ACTIVE_ARCH = YES;
				SDKROOT = iphoneos;
				SWIFT_ACTIVE_COMPILATION_CONDITIONS = DEBUG;
				SWIFT_OPTIMIZATION_LEVEL = "-Onone";
			};
			name = Debug;
		};
		2B295C8B2A0E2CC100DFA601 /* Release */ = {
			isa = XCBuildConfiguration;
			buildSettings = {
				ALWAYS_SEARCH_USER_PATHS = NO;
				CLANG_ANALYZER_NONNULL = YES;
				CLANG_ANALYZER_NUMBER_OBJECT_CONVERSION = YES_AGGRESSIVE;
				CLANG_CXX_LANGUAGE_STANDARD = "gnu++20";
				CLANG_ENABLE_MODULES = YES;
				CLANG_ENABLE_OBJC_ARC = YES;
				CLANG_ENABLE_OBJC_WEAK = YES;
				CLANG_WARN_BLOCK_CAPTURE_AUTORELEASING = YES;
				CLANG_WARN_BOOL_CONVERSION = YES;
				CLANG_WARN_COMMA = YES;
				CLANG_WARN_CONSTANT_CONVERSION = YES;
				CLANG_WARN_DEPRECATED_OBJC_IMPLEMENTATIONS = YES;
				CLANG_WARN_DIRECT_OBJC_ISA_USAGE = YES_ERROR;
				CLANG_WARN_DOCUMENTATION_COMMENTS = YES;
				CLANG_WARN_EMPTY_BODY = YES;
				CLANG_WARN_ENUM_CONVERSION = YES;
				CLANG_WARN_INFINITE_RECURSION = YES;
				CLANG_WARN_INT_CONVERSION = YES;
				CLANG_WARN_NON_LITERAL_NULL_CONVERSION = YES;
				CLANG_WARN_OBJC_IMPLICIT_RETAIN_SELF = YES;
				CLANG_WARN_OBJC_LITERAL_CONVERSION = YES;
				CLANG_WARN_OBJC_ROOT_CLASS = YES_ERROR;
				CLANG_WARN_QUOTED_INCLUDE_IN_FRAMEWORK_HEADER = YES;
				CLANG_WARN_RANGE_LOOP_ANALYSIS = YES;
				CLANG_WARN_STRICT_PROTOTYPES = YES;
				CLANG_WARN_SUSPICIOUS_MOVE = YES;
				CLANG_WARN_UNGUARDED_AVAILABILITY = YES_AGGRESSIVE;
				CLANG_WARN_UNREACHABLE_CODE = YES;
				CLANG_WARN__DUPLICATE_METHOD_MATCH = YES;
				COPY_PHASE_STRIP = NO;
				DEBUG_INFORMATION_FORMAT = "dwarf-with-dsym";
				ENABLE_NS_ASSERTIONS = NO;
				ENABLE_STRICT_OBJC_MSGSEND = YES;
				GCC_C_LANGUAGE_STANDARD = gnu11;
				GCC_NO_COMMON_BLOCKS = YES;
				GCC_WARN_64_TO_32_BIT_CONVERSION = YES;
				GCC_WARN_ABOUT_RETURN_TYPE = YES_ERROR;
				GCC_WARN_UNDECLARED_SELECTOR = YES;
				GCC_WARN_UNINITIALIZED_AUTOS = YES_AGGRESSIVE;
				GCC_WARN_UNUSED_FUNCTION = YES;
				GCC_WARN_UNUSED_VARIABLE = YES;
				IPHONEOS_DEPLOYMENT_TARGET = 16.4;
				MTL_ENABLE_DEBUG_INFO = NO;
				MTL_FAST_MATH = YES;
				SDKROOT = iphoneos;
				SWIFT_COMPILATION_MODE = wholemodule;
				SWIFT_OPTIMIZATION_LEVEL = "-O";
				VALIDATE_PRODUCT = YES;
			};
			name = Release;
		};
		2B295C8D2A0E2CC100DFA601 /* Debug */ = {
			isa = XCBuildConfiguration;
			buildSettings = {
				ASSETCATALOG_COMPILER_APPICON_NAME = AppIcon;
				ASSETCATALOG_COMPILER_GLOBAL_ACCENT_COLOR_NAME = AccentColor;
				CODE_SIGN_STYLE = Automatic;
				CURRENT_PROJECT_VERSION = 1;
				GENERATE_INFOPLIST_FILE = YES;
				INFOPLIST_FILE = WordList/Info.plist;
				INFOPLIST_KEY_UIApplicationSupportsIndirectInputEvents = YES;
				INFOPLIST_KEY_UILaunchStoryboardName = LaunchScreen;
				INFOPLIST_KEY_UIMainStoryboardFile = Main;
				INFOPLIST_KEY_UISupportedInterfaceOrientations_iPad = "UIInterfaceOrientationPortrait UIInterfaceOrientationPortraitUpsideDown UIInterfaceOrientationLandscapeLeft UIInterfaceOrientationLandscapeRight";
				INFOPLIST_KEY_UISupportedInterfaceOrientations_iPhone = "UIInterfaceOrientationPortrait UIInterfaceOrientationLandscapeLeft UIInterfaceOrientationLandscapeRight";
				LD_RUNPATH_SEARCH_PATHS = (
					"$(inherited)",
					"@executable_path/Frameworks",
				);
				MARKETING_VERSION = 1.0;
				PRODUCT_BUNDLE_IDENTIFIER = app.suenaga.yukiyo.WordList;
				PRODUCT_NAME = "$(TARGET_NAME)";
				SWIFT_EMIT_LOC_STRINGS = YES;
				SWIFT_VERSION = 5.0;
				TARGETED_DEVICE_FAMILY = "1,2";
			};
			name = Debug;
		};
		2B295C8E2A0E2CC100DFA601 /* Release */ = {
			isa = XCBuildConfiguration;
			buildSettings = {
				ASSETCATALOG_COMPILER_APPICON_NAME = AppIcon;
				ASSETCATALOG_COMPILER_GLOBAL_ACCENT_COLOR_NAME = AccentColor;
				CODE_SIGN_STYLE = Automatic;
				CURRENT_PROJECT_VERSION = 1;
				GENERATE_INFOPLIST_FILE = YES;
				INFOPLIST_FILE = WordList/Info.plist;
				INFOPLIST_KEY_UIApplicationSupportsIndirectInputEvents = YES;
				INFOPLIST_KEY_UILaunchStoryboardName = LaunchScreen;
				INFOPLIST_KEY_UIMainStoryboardFile = Main;
				INFOPLIST_KEY_UISupportedInterfaceOrientations_iPad = "UIInterfaceOrientationPortrait UIInterfaceOrientationPortraitUpsideDown UIInterfaceOrientationLandscapeLeft UIInterfaceOrientationLandscapeRight";
				INFOPLIST_KEY_UISupportedInterfaceOrientations_iPhone = "UIInterfaceOrientationPortrait UIInterfaceOrientationLandscapeLeft UIInterfaceOrientationLandscapeRight";
				LD_RUNPATH_SEARCH_PATHS = (
					"$(inherited)",
					"@executable_path/Frameworks",
				);
				MARKETING_VERSION = 1.0;
				PRODUCT_BUNDLE_IDENTIFIER = app.suenaga.yukiyo.WordList;
				PRODUCT_NAME = "$(TARGET_NAME)";
				SWIFT_EMIT_LOC_STRINGS = YES;
				SWIFT_VERSION = 5.0;
				TARGETED_DEVICE_FAMILY = "1,2";
			};
			name = Release;
		};
/* End XCBuildConfiguration section */

/* Begin XCConfigurationList section */
		2B295C732A0E2CBF00DFA601 /* Build configuration list for PBXProject "WordList" */ = {
			isa = XCConfigurationList;
			buildConfigurations = (
				2B295C8A2A0E2CC100DFA601 /* Debug */,
				2B295C8B2A0E2CC100DFA601 /* Release */,
			);
			defaultConfigurationIsVisible = 0;
			defaultConfigurationName = Release;
		};
		2B295C8C2A0E2CC100DFA601 /* Build configuration list for PBXNativeTarget "WordList" */ = {
			isa = XCConfigurationList;
			buildConfigurations = (
				2B295C8D2A0E2CC100DFA601 /* Debug */,
				2B295C8E2A0E2CC100DFA601 /* Release */,
			);
			defaultConfigurationIsVisible = 0;
			defaultConfigurationName = Release;
		};
/* End XCConfigurationList section */
	};
	rootObject = 2B295C702A0E2CBF00DFA601 /* Project object */;
}
